# This file is automatically generated.
# It is not intended for manual editing.
version = 1

[[packages]]
name = "bytecodealliance:wasm-tools-wasm32-wasip1"
registry = "ghcr.io"

[[packages.versions]]
requirement = "=1.256.0"
version = "1.256.0"
digest = "sha256:5c13f29e627e1bf2b9930d9ce16dabadea79c51d031c3e4993f7ae94b129ec16"
