# This file is automatically generated.
# It is not intended for manual editing.
version = 1

[[packages]]
name = "bytecodealliance:endive-cranelift-bridge"
registry = "ghcr.io"

[[packages.versions]]
requirement = "=999.0.0-SNAPSHOT"
version = "999.0.0-SNAPSHOT"
digest = "sha256:2436e889dae98422313f495632557068dda466e8170aa718a3e70d7fee1d652f"
